// !$*UTF8*$!
{
	archiveVersion = 1;
	classes = {
	};
	objectVersion = 46;
	objects = {

/* Begin PBXBuildFile section */
		762008449C704DA38F94CA74 /* Pods.framework in Frameworks */ = {isa = PBXBuildFile; fileRef = FBD9D8B92CC7682F7E2CD40A /* Pods.framework */; };
		B343451C1C9077D100B30013 /* AccountSetController.swift in Sources */ = {isa = PBXBuildFile; fileRef = B343451B1C9077D100B30013 /* AccountSetController.swift */; };
		B343451E1C907AA400B30013 /* AddFriendController.swift in Sources */ = {isa = PBXBuildFile; fileRef = B343451D1C907AA400B30013 /* AddFriendController.swift */; };
		B34345221C90868600B30013 /* SearchController.swift in Sources */ = {isa = PBXBuildFile; fileRef = B34345211C90868600B30013 /* SearchController.swift */; };
		B34345261C91270200B30013 /* WXTabbar.swift in Sources */ = {isa = PBXBuildFile; fileRef = B34345251C91270200B30013 /* WXTabbar.swift */; };
		B343452A1C930FDD00B30013 /* ScoreController.swift in Sources */ = {isa = PBXBuildFile; fileRef = B34345291C930FDD00B30013 /* ScoreController.swift */; };
		B343452D1C932A5E00B30013 /* MapKit.framework in Frameworks */ = {isa = PBXBuildFile; fileRef = B343452B1C93284900B30013 /* MapKit.framework */; };
		B35302171C8B3CD80026095B /* UIImage+extension.swift in Sources */ = {isa = PBXBuildFile; fileRef = B35302071C8B3CD80026095B /* UIImage+extension.swift */; };
		B35302181C8B3CD80026095B /* Config.swift in Sources */ = {isa = PBXBuildFile; fileRef = B35302091C8B3CD80026095B /* Config.swift */; };
		B35302191C8B3CD80026095B /* AppDelegate.swift in Sources */ = {isa = PBXBuildFile; fileRef = B353020B1C8B3CD80026095B /* AppDelegate.swift */; };
		B353021A1C8B3CD80026095B /* LaunchViewController.storyboard in Resources */ = {isa = PBXBuildFile; fileRef = B353020D1C8B3CD80026095B /* LaunchViewController.storyboard */; };
		B353021B1C8B3CD80026095B /* WXTextField.swift in Sources */ = {isa = PBXBuildFile; fileRef = B353020F1C8B3CD80026095B /* WXTextField.swift */; };
		B353021C1C8B3CD80026095B /* LaunchViewController.swift in Sources */ = {isa = PBXBuildFile; fileRef = B35302111C8B3CD80026095B /* LaunchViewController.swift */; };
		B353021D1C8B3CD80026095B /* LoginViewController.swift in Sources */ = {isa = PBXBuildFile; fileRef = B35302121C8B3CD80026095B /* LoginViewController.swift */; };
		B353021E1C8B3CD80026095B /* MailRegisteViewController.swift in Sources */ = {isa = PBXBuildFile; fileRef = B35302131C8B3CD80026095B /* MailRegisteViewController.swift */; };
		B353021F1C8B3CD80026095B /* WXTabbarController.swift in Sources */ = {isa = PBXBuildFile; fileRef = B35302141C8B3CD80026095B /* WXTabbarController.swift */; };
		B35302201C8B3CD80026095B /* RegisteViewController.swift in Sources */ = {isa = PBXBuildFile; fileRef = B35302151C8B3CD80026095B /* RegisteViewController.swift */; };
		B35302211C8B3CD80026095B /* WXNavigationController.swift in Sources */ = {isa = PBXBuildFile; fileRef = B35302161C8B3CD80026095B /* WXNavigationController.swift */; };
		B35302251C8B3DEC0026095B /* TencentOpenAPI.framework in Frameworks */ = {isa = PBXBuildFile; fileRef = B35302241C8B3DEC0026095B /* TencentOpenAPI.framework */; };
		B35302271C8B3E320026095B /* Security.framework in Frameworks */ = {isa = PBXBuildFile; fileRef = B35302261C8B3E320026095B /* Security.framework */; };
		B35302291C8B3E550026095B /* libiconv.tbd in Frameworks */ = {isa = PBXBuildFile; fileRef = B35302281C8B3E550026095B /* libiconv.tbd */; };
		B353022B1C8B3E630026095B /* SystemConfiguration.framework in Frameworks */ = {isa = PBXBuildFile; fileRef = B353022A1C8B3E630026095B /* SystemConfiguration.framework */; };
		B353022D1C8B3E710026095B /* CoreGraphics.framework in Frameworks */ = {isa = PBXBuildFile; fileRef = B353022C1C8B3E710026095B /* CoreGraphics.framework */; };
		B353022F1C8B3E860026095B /* libsqlite3.tbd in Frameworks */ = {isa = PBXBuildFile; fileRef = B353022E1C8B3E860026095B /* libsqlite3.tbd */; };
		B35302311C8B3E940026095B /* CoreTelephony.framework in Frameworks */ = {isa = PBXBuildFile; fileRef = B35302301C8B3E940026095B /* CoreTelephony.framework */; };
		B35302331C8B3EA30026095B /* libstdc++.tbd in Frameworks */ = {isa = PBXBuildFile; fileRef = B35302321C8B3EA30026095B /* libstdc++.tbd */; };
		B35302351C8B3EB00026095B /* libz.tbd in Frameworks */ = {isa = PBXBuildFile; fileRef = B35302341C8B3EB00026095B /* libz.tbd */; };
		B35302391C8B40360026095B /* TencentOpenApi_IOS_Bundle.bundle in Resources */ = {isa = PBXBuildFile; fileRef = B35302381C8B40360026095B /* TencentOpenApi_IOS_Bundle.bundle */; };
		B35302411C8C5EEA0026095B /* TastyFoodViewController.swift in Sources */ = {isa = PBXBuildFile; fileRef = B35302401C8C5EEA0026095B /* TastyFoodViewController.swift */; };
		B35302431C8C5F110026095B /* RestaurantViewController.swift in Sources */ = {isa = PBXBuildFile; fileRef = B35302421C8C5F110026095B /* RestaurantViewController.swift */; };
		B35302451C8C5F240026095B /* MessageViewController.swift in Sources */ = {isa = PBXBuildFile; fileRef = B35302441C8C5F240026095B /* MessageViewController.swift */; };
		B35302471C8C5F320026095B /* MineViewController.swift in Sources */ = {isa = PBXBuildFile; fileRef = B35302461C8C5F320026095B /* MineViewController.swift */; };
		B35302491C8C617A0026095B /* CameraViewController.swift in Sources */ = {isa = PBXBuildFile; fileRef = B35302481C8C617A0026095B /* CameraViewController.swift */; };
		B35F2C651C89F08500F9D1D1 /* FoodStyleTests.swift in Sources */ = {isa = PBXBuildFile; fileRef = B35F2C641C89F08500F9D1D1 /* FoodStyleTests.swift */; };
		B35F2C701C89F08500F9D1D1 /* FoodStyleUITests.swift in Sources */ = {isa = PBXBuildFile; fileRef = B35F2C6F1C89F08500F9D1D1 /* FoodStyleUITests.swift */; };
		B35F2C861C89F51200F9D1D1 /* Assets.xcassets in Resources */ = {isa = PBXBuildFile; fileRef = B35F2C851C89F51200F9D1D1 /* Assets.xcassets */; };
		B3A1C8141C8D2B64000BF0B0 /* SwiftNotice.swift in Sources */ = {isa = PBXBuildFile; fileRef = B3A1C8131C8D2B64000BF0B0 /* SwiftNotice.swift */; };
		B3A1C8161C8DC576000BF0B0 /* Entitlements.plist in Resources */ = {isa = PBXBuildFile; fileRef = B3A1C8151C8DC576000BF0B0 /* Entitlements.plist */; };
		B3A1C8191C8DC844000BF0B0 /* AudioToolbox.framework in Frameworks */ = {isa = PBXBuildFile; fileRef = B3A1C8181C8DC844000BF0B0 /* AudioToolbox.framework */; };
/* End PBXBuildFile section */

/* Begin PBXContainerItemProxy section */
		B35F2C611C89F08500F9D1D1 /* PBXContainerItemProxy */ = {
			isa = PBXContainerItemProxy;
			containerPortal = B35F2C441C89F08500F9D1D1 /* Project object */;
			proxyType = 1;
			remoteGlobalIDString = B35F2C4B1C89F08500F9D1D1;
			remoteInfo = FoodStyle;
		};
		B35F2C6C1C89F08500F9D1D1 /* PBXContainerItemProxy */ = {
			isa = PBXContainerItemProxy;
			containerPortal = B35F2C441C89F08500F9D1D1 /* Project object */;
			proxyType = 1;
			remoteGlobalIDString = B35F2C4B1C89F08500F9D1D1;
			remoteInfo = FoodStyle;
		};
/* End PBXContainerItemProxy section */

/* Begin PBXFileReference section */
		A7899351C96459EAD5777979 /* Pods.debug.xcconfig */ = {isa = PBXFileReference; includeInIndex = 1; lastKnownFileType = text.xcconfig; name = Pods.debug.xcconfig; path = "Pods/Target Support Files/Pods/Pods.debug.xcconfig"; sourceTree = "<group>"; };
		B0D9FE9A21B34C9844E7EDCC /* Pods.release.xcconfig */ = {isa = PBXFileReference; includeInIndex = 1; lastKnownFileType = text.xcconfig; name = Pods.release.xcconfig; path = "Pods/Target Support Files/Pods/Pods.release.xcconfig"; sourceTree = "<group>"; };
		B343451B1C9077D100B30013 /* AccountSetController.swift */ = {isa = PBXFileReference; fileEncoding = 4; lastKnownFileType = sourcecode.swift; path = AccountSetController.swift; sourceTree = "<group>"; };
		B343451D1C907AA400B30013 /* AddFriendController.swift */ = {isa = PBXFileReference; fileEncoding = 4; lastKnownFileType = sourcecode.swift; path = AddFriendController.swift; sourceTree = "<group>"; };
		B34345211C90868600B30013 /* SearchController.swift */ = {isa = PBXFileReference; fileEncoding = 4; lastKnownFileType = sourcecode.swift; path = SearchController.swift; sourceTree = "<group>"; };
		B34345251C91270200B30013 /* WXTabbar.swift */ = {isa = PBXFileReference; fileEncoding = 4; lastKnownFileType = sourcecode.swift; path = WXTabbar.swift; sourceTree = "<group>"; };
		B34345291C930FDD00B30013 /* ScoreController.swift */ = {isa = PBXFileReference; fileEncoding = 4; lastKnownFileType = sourcecode.swift; path = ScoreController.swift; sourceTree = "<group>"; };
		B343452B1C93284900B30013 /* MapKit.framework */ = {isa = PBXFileReference; lastKnownFileType = wrapper.framework; name = MapKit.framework; path = System/Library/Frameworks/MapKit.framework; sourceTree = SDKROOT; };
		B35302071C8B3CD80026095B /* UIImage+extension.swift */ = {isa = PBXFileReference; fileEncoding = 4; lastKnownFileType = sourcecode.swift; path = "UIImage+extension.swift"; sourceTree = "<group>"; };
		B35302091C8B3CD80026095B /* Config.swift */ = {isa = PBXFileReference; fileEncoding = 4; lastKnownFileType = sourcecode.swift; path = Config.swift; sourceTree = "<group>"; };
		B353020B1C8B3CD80026095B /* AppDelegate.swift */ = {isa = PBXFileReference; fileEncoding = 4; lastKnownFileType = sourcecode.swift; path = AppDelegate.swift; sourceTree = "<group>"; };
		B353020D1C8B3CD80026095B /* LaunchViewController.storyboard */ = {isa = PBXFileReference; fileEncoding = 4; lastKnownFileType = file.storyboard; path = LaunchViewController.storyboard; sourceTree = "<group>"; };
		B353020F1C8B3CD80026095B /* WXTextField.swift */ = {isa = PBXFileReference; fileEncoding = 4; lastKnownFileType = sourcecode.swift; path = WXTextField.swift; sourceTree = "<group>"; };
		B35302111C8B3CD80026095B /* LaunchViewController.swift */ = {isa = PBXFileReference; fileEncoding = 4; lastKnownFileType = sourcecode.swift; path = LaunchViewController.swift; sourceTree = "<group>"; };
		B35302121C8B3CD80026095B /* LoginViewController.swift */ = {isa = PBXFileReference; fileEncoding = 4; lastKnownFileType = sourcecode.swift; path = LoginViewController.swift; sourceTree = "<group>"; };
		B35302131C8B3CD80026095B /* MailRegisteViewController.swift */ = {isa = PBXFileReference; fileEncoding = 4; lastKnownFileType = sourcecode.swift; path = MailRegisteViewController.swift; sourceTree = "<group>"; };
		B35302141C8B3CD80026095B /* WXTabbarController.swift */ = {isa = PBXFileReference; fileEncoding = 4; lastKnownFileType = sourcecode.swift; path = WXTabbarController.swift; sourceTree = "<group>"; };
		B35302151C8B3CD80026095B /* RegisteViewController.swift */ = {isa = PBXFileReference; fileEncoding = 4; lastKnownFileType = sourcecode.swift; path = RegisteViewController.swift; sourceTree = "<group>"; };
		B35302161C8B3CD80026095B /* WXNavigationController.swift */ = {isa = PBXFileReference; fileEncoding = 4; lastKnownFileType = sourcecode.swift; path = WXNavigationController.swift; sourceTree = "<group>"; };
		B35302241C8B3DEC0026095B /* TencentOpenAPI.framework */ = {isa = PBXFileReference; lastKnownFileType = wrapper.framework; name = TencentOpenAPI.framework; path = FoodStyle/Classes/3rdParty/TencentQQ/TencentOpenAPI.framework; sourceTree = "<group>"; };
		B35302261C8B3E320026095B /* Security.framework */ = {isa = PBXFileReference; lastKnownFileType = wrapper.framework; name = Security.framework; path = System/Library/Frameworks/Security.framework; sourceTree = SDKROOT; };
		B35302281C8B3E550026095B /* libiconv.tbd */ = {isa = PBXFileReference; lastKnownFileType = "sourcecode.text-based-dylib-definition"; name = libiconv.tbd; path = usr/lib/libiconv.tbd; sourceTree = SDKROOT; };
		B353022A1C8B3E630026095B /* SystemConfiguration.framework */ = {isa = PBXFileReference; lastKnownFileType = wrapper.framework; name = SystemConfiguration.framework; path = System/Library/Frameworks/SystemConfiguration.framework; sourceTree = SDKROOT; };
		B353022C1C8B3E710026095B /* CoreGraphics.framework */ = {isa = PBXFileReference; lastKnownFileType = wrapper.framework; name = CoreGraphics.framework; path = System/Library/Frameworks/CoreGraphics.framework; sourceTree = SDKROOT; };
		B353022E1C8B3E860026095B /* libsqlite3.tbd */ = {isa = PBXFileReference; lastKnownFileType = "sourcecode.text-based-dylib-definition"; name = libsqlite3.tbd; path = usr/lib/libsqlite3.tbd; sourceTree = SDKROOT; };
		B35302301C8B3E940026095B /* CoreTelephony.framework */ = {isa = PBXFileReference; lastKnownFileType = wrapper.framework; name = CoreTelephony.framework; path = System/Library/Frameworks/CoreTelephony.framework; sourceTree = SDKROOT; };
		B35302321C8B3EA30026095B /* libstdc++.tbd */ = {isa = PBXFileReference; lastKnownFileType = "sourcecode.text-based-dylib-definition"; name = "libstdc++.tbd"; path = "usr/lib/libstdc++.tbd"; sourceTree = SDKROOT; };
		B35302341C8B3EB00026095B /* libz.tbd */ = {isa = PBXFileReference; lastKnownFileType = "sourcecode.text-based-dylib-definition"; name = libz.tbd; path = usr/lib/libz.tbd; sourceTree = SDKROOT; };
		B35302381C8B40360026095B /* TencentOpenApi_IOS_Bundle.bundle */ = {isa = PBXFileReference; lastKnownFileType = "wrapper.plug-in"; name = TencentOpenApi_IOS_Bundle.bundle; path = FoodStyle/Classes/3rdParty/TencentQQ/TencentOpenApi_IOS_Bundle.bundle; sourceTree = "<group>"; };
		B353023A1C8B44B10026095B /* FoodStyle-Bridging-Header.h */ = {isa = PBXFileReference; lastKnownFileType = sourcecode.c.h; path = "FoodStyle-Bridging-Header.h"; sourceTree = "<group>"; };
		B35302401C8C5EEA0026095B /* TastyFoodViewController.swift */ = {isa = PBXFileReference; fileEncoding = 4; lastKnownFileType = sourcecode.swift; path = TastyFoodViewController.swift; sourceTree = "<group>"; };
		B35302421C8C5F110026095B /* RestaurantViewController.swift */ = {isa = PBXFileReference; fileEncoding = 4; lastKnownFileType = sourcecode.swift; path = RestaurantViewController.swift; sourceTree = "<group>"; };
		B35302441C8C5F240026095B /* MessageViewController.swift */ = {isa = PBXFileReference; fileEncoding = 4; lastKnownFileType = sourcecode.swift; path = MessageViewController.swift; sourceTree = "<group>"; };
		B35302461C8C5F320026095B /* MineViewController.swift */ = {isa = PBXFileReference; fileEncoding = 4; lastKnownFileType = sourcecode.swift; path = MineViewController.swift; sourceTree = "<group>"; };
		B35302481C8C617A0026095B /* CameraViewController.swift */ = {isa = PBXFileReference; fileEncoding = 4; lastKnownFileType = sourcecode.swift; path = CameraViewController.swift; sourceTree = "<group>"; };
		B35F2C4C1C89F08500F9D1D1 /* FoodStyle.app */ = {isa = PBXFileReference; explicitFileType = wrapper.application; includeInIndex = 0; path = FoodStyle.app; sourceTree = BUILT_PRODUCTS_DIR; };
		B35F2C5B1C89F08500F9D1D1 /* Info.plist */ = {isa = PBXFileReference; lastKnownFileType = text.plist.xml; path = Info.plist; sourceTree = "<group>"; };
		B35F2C601C89F08500F9D1D1 /* FoodStyleTests.xctest */ = {isa = PBXFileReference; explicitFileType = wrapper.cfbundle; includeInIndex = 0; path = FoodStyleTests.xctest; sourceTree = BUILT_PRODUCTS_DIR; };
		B35F2C641C89F08500F9D1D1 /* FoodStyleTests.swift */ = {isa = PBXFileReference; lastKnownFileType = sourcecode.swift; path = FoodStyleTests.swift; sourceTree = "<group>"; };
		B35F2C661C89F08500F9D1D1 /* Info.plist */ = {isa = PBXFileReference; lastKnownFileType = text.plist.xml; path = Info.plist; sourceTree = "<group>"; };
		B35F2C6B1C89F08500F9D1D1 /* FoodStyleUITests.xctest */ = {isa = PBXFileReference; explicitFileType = wrapper.cfbundle; includeInIndex = 0; path = FoodStyleUITests.xctest; sourceTree = BUILT_PRODUCTS_DIR; };
		B35F2C6F1C89F08500F9D1D1 /* FoodStyleUITests.swift */ = {isa = PBXFileReference; lastKnownFileType = sourcecode.swift; path = FoodStyleUITests.swift; sourceTree = "<group>"; };
		B35F2C711C89F08500F9D1D1 /* Info.plist */ = {isa = PBXFileReference; lastKnownFileType = text.plist.xml; path = Info.plist; sourceTree = "<group>"; };
		B35F2C851C89F51200F9D1D1 /* Assets.xcassets */ = {isa = PBXFileReference; lastKnownFileType = folder.assetcatalog; path = Assets.xcassets; sourceTree = "<group>"; };
		B3A1C8131C8D2B64000BF0B0 /* SwiftNotice.swift */ = {isa = PBXFileReference; fileEncoding = 4; lastKnownFileType = sourcecode.swift; path = SwiftNotice.swift; sourceTree = "<group>"; };
		B3A1C8151C8DC576000BF0B0 /* Entitlements.plist */ = {isa = PBXFileReference; fileEncoding = 4; lastKnownFileType = text.plist.xml; path = Entitlements.plist; sourceTree = "<group>"; };
		B3A1C8171C8DC844000BF0B0 /* FoodStyle.entitlements */ = {isa = PBXFileReference; lastKnownFileType = text.xml; path = FoodStyle.entitlements; sourceTree = "<group>"; };
		B3A1C8181C8DC844000BF0B0 /* AudioToolbox.framework */ = {isa = PBXFileReference; lastKnownFileType = wrapper.framework; name = AudioToolbox.framework; path = System/Library/Frameworks/AudioToolbox.framework; sourceTree = SDKROOT; };
		FBD9D8B92CC7682F7E2CD40A /* Pods.framework */ = {isa = PBXFileReference; explicitFileType = wrapper.framework; includeInIndex = 0; path = Pods.framework; sourceTree = BUILT_PRODUCTS_DIR; };
/* End PBXFileReference section */

/* Begin PBXFrameworksBuildPhase section */
		B35F2C491C89F08500F9D1D1 /* Frameworks */ = {
			isa = PBXFrameworksBuildPhase;
			buildActionMask = 2147483647;
			files = (
				B35302351C8B3EB00026095B /* libz.tbd in Frameworks */,
				B35302331C8B3EA30026095B /* libstdc++.tbd in Frameworks */,
				B35302311C8B3E940026095B /* CoreTelephony.framework in Frameworks */,
				B3A1C8191C8DC844000BF0B0 /* AudioToolbox.framework in Frameworks */,
				B353022F1C8B3E860026095B /* libsqlite3.tbd in Frameworks */,
				B353022D1C8B3E710026095B /* CoreGraphics.framework in Frameworks */,
				B353022B1C8B3E630026095B /* SystemConfiguration.framework in Frameworks */,
				B35302291C8B3E550026095B /* libiconv.tbd in Frameworks */,
				B35302271C8B3E320026095B /* Security.framework in Frameworks */,
				762008449C704DA38F94CA74 /* Pods.framework in Frameworks */,
				B343452D1C932A5E00B30013 /* MapKit.framework in Frameworks */,
				B35302251C8B3DEC0026095B /* TencentOpenAPI.framework in Frameworks */,
			);
			runOnlyForDeploymentPostprocessing = 0;
		};
		B35F2C5D1C89F08500F9D1D1 /* Frameworks */ = {
			isa = PBXFrameworksBuildPhase;
			buildActionMask = 2147483647;
			files = (
			);
			runOnlyForDeploymentPostprocessing = 0;
		};
		B35F2C681C89F08500F9D1D1 /* Frameworks */ = {
			isa = PBXFrameworksBuildPhase;
			buildActionMask = 2147483647;
			files = (
			);
			runOnlyForDeploymentPostprocessing = 0;
		};
/* End PBXFrameworksBuildPhase section */

/* Begin PBXGroup section */
		6A147C093BB6AB7173F314C4 /* Frameworks */ = {
			isa = PBXGroup;
			children = (
				B343452B1C93284900B30013 /* MapKit.framework */,
				B3A1C8181C8DC844000BF0B0 /* AudioToolbox.framework */,
				B35302341C8B3EB00026095B /* libz.tbd */,
				B35302321C8B3EA30026095B /* libstdc++.tbd */,
				B35302301C8B3E940026095B /* CoreTelephony.framework */,
				B353022E1C8B3E860026095B /* libsqlite3.tbd */,
				B353022C1C8B3E710026095B /* CoreGraphics.framework */,
				B353022A1C8B3E630026095B /* SystemConfiguration.framework */,
				B35302281C8B3E550026095B /* libiconv.tbd */,
				B35302261C8B3E320026095B /* Security.framework */,
				B35302241C8B3DEC0026095B /* TencentOpenAPI.framework */,
				FBD9D8B92CC7682F7E2CD40A /* Pods.framework */,
			);
			name = Frameworks;
			sourceTree = "<group>";
		};
		B35302051C8B3CD80026095B /* Classes */ = {
			isa = PBXGroup;
			children = (
				B35302061C8B3CD80026095B /* Catogry */,
				B35302081C8B3CD80026095B /* Common */,
				B353020A1C8B3CD80026095B /* Other */,
				B353020C1C8B3CD80026095B /* Storyboard */,
				B353020E1C8B3CD80026095B /* View */,
				B35302101C8B3CD80026095B /* Viewcontroller */,
			);
			path = Classes;
			sourceTree = "<group>";
		};
		B35302061C8B3CD80026095B /* Catogry */ = {
			isa = PBXGroup;
			children = (
				B35302071C8B3CD80026095B /* UIImage+extension.swift */,
			);
			path = Catogry;
			sourceTree = "<group>";
		};
		B35302081C8B3CD80026095B /* Common */ = {
			isa = PBXGroup;
			children = (
				B35302091C8B3CD80026095B /* Config.swift */,
				B3A1C8131C8D2B64000BF0B0 /* SwiftNotice.swift */,
			);
			path = Common;
			sourceTree = "<group>";
		};
		B353020A1C8B3CD80026095B /* Other */ = {
			isa = PBXGroup;
			children = (
				B353020B1C8B3CD80026095B /* AppDelegate.swift */,
				B353023A1C8B44B10026095B /* FoodStyle-Bridging-Header.h */,
			);
			path = Other;
			sourceTree = "<group>";
		};
		B353020C1C8B3CD80026095B /* Storyboard */ = {
			isa = PBXGroup;
			children = (
				B353020D1C8B3CD80026095B /* LaunchViewController.storyboard */,
			);
			path = Storyboard;
			sourceTree = "<group>";
		};
		B353020E1C8B3CD80026095B /* View */ = {
			isa = PBXGroup;
			children = (
				B353020F1C8B3CD80026095B /* WXTextField.swift */,
				B34345251C91270200B30013 /* WXTabbar.swift */,
			);
			path = View;
			sourceTree = "<group>";
		};
		B35302101C8B3CD80026095B /* Viewcontroller */ = {
			isa = PBXGroup;
			children = (
				B35302111C8B3CD80026095B /* LaunchViewController.swift */,
				B35302121C8B3CD80026095B /* LoginViewController.swift */,
				B35302131C8B3CD80026095B /* MailRegisteViewController.swift */,
				B35302141C8B3CD80026095B /* WXTabbarController.swift */,
				B35302401C8C5EEA0026095B /* TastyFoodViewController.swift */,
				B35302421C8C5F110026095B /* RestaurantViewController.swift */,
				B35302481C8C617A0026095B /* CameraViewController.swift */,
				B35302441C8C5F240026095B /* MessageViewController.swift */,
				B35302461C8C5F320026095B /* MineViewController.swift */,
				B34345291C930FDD00B30013 /* ScoreController.swift */,
				B343451B1C9077D100B30013 /* AccountSetController.swift */,
				B343451D1C907AA400B30013 /* AddFriendController.swift */,
				B34345211C90868600B30013 /* SearchController.swift */,
				B35302151C8B3CD80026095B /* RegisteViewController.swift */,
				B35302161C8B3CD80026095B /* WXNavigationController.swift */,
			);
			path = Viewcontroller;
			sourceTree = "<group>";
		};
		B35F2C431C89F08500F9D1D1 = {
			isa = PBXGroup;
			children = (
				B35302381C8B40360026095B /* TencentOpenApi_IOS_Bundle.bundle */,
				B35F2C4E1C89F08500F9D1D1 /* FoodStyle */,
				B35F2C631C89F08500F9D1D1 /* FoodStyleTests */,
				B35F2C6E1C89F08500F9D1D1 /* FoodStyleUITests */,
				B35F2C4D1C89F08500F9D1D1 /* Products */,
				F6D1F766CC5DAACAA9F34A62 /* Pods */,
				6A147C093BB6AB7173F314C4 /* Frameworks */,
			);
			sourceTree = "<group>";
		};
		B35F2C4D1C89F08500F9D1D1 /* Products */ = {
			isa = PBXGroup;
			children = (
				B35F2C4C1C89F08500F9D1D1 /* FoodStyle.app */,
				B35F2C601C89F08500F9D1D1 /* FoodStyleTests.xctest */,
				B35F2C6B1C89F08500F9D1D1 /* FoodStyleUITests.xctest */,
			);
			name = Products;
			sourceTree = "<group>";
		};
		B35F2C4E1C89F08500F9D1D1 /* FoodStyle */ = {
			isa = PBXGroup;
			children = (
				B3A1C8171C8DC844000BF0B0 /* FoodStyle.entitlements */,
				B35302051C8B3CD80026095B /* Classes */,
				B35F2C851C89F51200F9D1D1 /* Assets.xcassets */,
				B35F2C5B1C89F08500F9D1D1 /* Info.plist */,
				B3A1C8151C8DC576000BF0B0 /* Entitlements.plist */,
			);
			path = FoodStyle;
			sourceTree = "<group>";
		};
		B35F2C631C89F08500F9D1D1 /* FoodStyleTests */ = {
			isa = PBXGroup;
			children = (
				B35F2C641C89F08500F9D1D1 /* FoodStyleTests.swift */,
				B35F2C661C89F08500F9D1D1 /* Info.plist */,
			);
			path = FoodStyleTests;
			sourceTree = "<group>";
		};
		B35F2C6E1C89F08500F9D1D1 /* FoodStyleUITests */ = {
			isa = PBXGroup;
			children = (
				B35F2C6F1C89F08500F9D1D1 /* FoodStyleUITests.swift */,
				B35F2C711C89F08500F9D1D1 /* Info.plist */,
			);
			path = FoodStyleUITests;
			sourceTree = "<group>";
		};
		F6D1F766CC5DAACAA9F34A62 /* Pods */ = {
			isa = PBXGroup;
			children = (
				A7899351C96459EAD5777979 /* Pods.debug.xcconfig */,
				B0D9FE9A21B34C9844E7EDCC /* Pods.release.xcconfig */,
			);
			name = Pods;
			sourceTree = "<group>";
		};
/* End PBXGroup section */

/* Begin PBXNativeTarget section */
		B35F2C4B1C89F08500F9D1D1 /* FoodStyle */ = {
			isa = PBXNativeTarget;
			buildConfigurationList = B35F2C741C89F08500F9D1D1 /* Build configuration list for PBXNativeTarget "FoodStyle" */;
			buildPhases = (
				26BEA0B337C12FF0A56F854B /* Check Pods Manifest.lock */,
				B35F2C481C89F08500F9D1D1 /* Sources */,
				B35F2C491C89F08500F9D1D1 /* Frameworks */,
				B35F2C4A1C89F08500F9D1D1 /* Resources */,
				C044F422DDEBC38164F4AB23 /* Embed Pods Frameworks */,
				E6C79252B8E895B40E796133 /* Copy Pods Resources */,
			);
			buildRules = (
			);
			dependencies = (
			);
			name = FoodStyle;
			productName = FoodStyle;
			productReference = B35F2C4C1C89F08500F9D1D1 /* FoodStyle.app */;
			productType = "com.apple.product-type.application";
		};
		B35F2C5F1C89F08500F9D1D1 /* FoodStyleTests */ = {
			isa = PBXNativeTarget;
			buildConfigurationList = B35F2C771C89F08500F9D1D1 /* Build configuration list for PBXNativeTarget "FoodStyleTests" */;
			buildPhases = (
				B35F2C5C1C89F08500F9D1D1 /* Sources */,
				B35F2C5D1C89F08500F9D1D1 /* Frameworks */,
				B35F2C5E1C89F08500F9D1D1 /* Resources */,
			);
			buildRules = (
			);
			dependencies = (
				B35F2C621C89F08500F9D1D1 /* PBXTargetDependency */,
			);
			name = FoodStyleTests;
			productName = FoodStyleTests;
			productReference = B35F2C601C89F08500F9D1D1 /* FoodStyleTests.xctest */;
			productType = "com.apple.product-type.bundle.unit-test";
		};
		B35F2C6A1C89F08500F9D1D1 /* FoodStyleUITests */ = {
			isa = PBXNativeTarget;
			buildConfigurationList = B35F2C7A1C89F08500F9D1D1 /* Build configuration list for PBXNativeTarget "FoodStyleUITests" */;
			buildPhases = (
				B35F2C671C89F08500F9D1D1 /* Sources */,
				B35F2C681C89F08500F9D1D1 /* Frameworks */,
				B35F2C691C89F08500F9D1D1 /* Resources */,
			);
			buildRules = (
			);
			dependencies = (
				B35F2C6D1C89F08500F9D1D1 /* PBXTargetDependency */,
			);
			name = FoodStyleUITests;
			productName = FoodStyleUITests;
			productReference = B35F2C6B1C89F08500F9D1D1 /* FoodStyleUITests.xctest */;
			productType = "com.apple.product-type.bundle.ui-testing";
		};
/* End PBXNativeTarget section */

/* Begin PBXProject section */
		B35F2C441C89F08500F9D1D1 /* Project object */ = {
			isa = PBXProject;
			attributes = {
				LastSwiftUpdateCheck = 0720;
				LastUpgradeCheck = 0720;
				ORGANIZATIONNAME = code4Fun;
				TargetAttributes = {
					B35F2C4B1C89F08500F9D1D1 = {
						CreatedOnToolsVersion = 7.2;
						DevelopmentTeam = DLAPUP575X;
						SystemCapabilities = {
							com.apple.BackgroundModes = {
								enabled = 1;
							};
							com.apple.InterAppAudio = {
								enabled = 1;
							};
							com.apple.Maps.iOS = {
								enabled = 1;
							};
						};
					};
					B35F2C5F1C89F08500F9D1D1 = {
						CreatedOnToolsVersion = 7.2;
						DevelopmentTeam = DLAPUP575X;
						TestTargetID = B35F2C4B1C89F08500F9D1D1;
					};
					B35F2C6A1C89F08500F9D1D1 = {
						CreatedOnToolsVersion = 7.2;
						DevelopmentTeam = DLAPUP575X;
						TestTargetID = B35F2C4B1C89F08500F9D1D1;
					};
				};
			};
			buildConfigurationList = B35F2C471C89F08500F9D1D1 /* Build configuration list for PBXProject "FoodStyle" */;
			compatibilityVersion = "Xcode 3.2";
			developmentRegion = English;
			hasScannedForEncodings = 0;
			knownRegions = (
				en,
				Base,
			);
			mainGroup = B35F2C431C89F08500F9D1D1;
			productRefGroup = B35F2C4D1C89F08500F9D1D1 /* Products */;
			projectDirPath = "";
			projectRoot = "";
			targets = (
				B35F2C4B1C89F08500F9D1D1 /* FoodStyle */,
				B35F2C5F1C89F08500F9D1D1 /* FoodStyleTests */,
				B35F2C6A1C89F08500F9D1D1 /* FoodStyleUITests */,
			);
		};
/* End PBXProject section */

/* Begin PBXResourcesBuildPhase section */
		B35F2C4A1C89F08500F9D1D1 /* Resources */ = {
			isa = PBXResourcesBuildPhase;
			buildActionMask = 2147483647;
			files = (
				B3A1C8161C8DC576000BF0B0 /* Entitlements.plist in Resources */,
				B35302391C8B40360026095B /* TencentOpenApi_IOS_Bundle.bundle in Resources */,
				B353021A1C8B3CD80026095B /* LaunchViewController.storyboard in Resources */,
				B35F2C861C89F51200F9D1D1 /* Assets.xcassets in Resources */,
			);
			runOnlyForDeploymentPostprocessing = 0;
		};
		B35F2C5E1C89F08500F9D1D1 /* Resources */ = {
			isa = PBXResourcesBuildPhase;
			buildActionMask = 2147483647;
			files = (
			);
			runOnlyForDeploymentPostprocessing = 0;
		};
		B35F2C691C89F08500F9D1D1 /* Resources */ = {
			isa = PBXResourcesBuildPhase;
			buildActionMask = 2147483647;
			files = (
			);
			runOnlyForDeploymentPostprocessing = 0;
		};
/* End PBXResourcesBuildPhase section */

/* Begin PBXShellScriptBuildPhase section */
		26BEA0B337C12FF0A56F854B /* Check Pods Manifest.lock */ = {
			isa = PBXShellScriptBuildPhase;
			buildActionMask = 2147483647;
			files = (
			);
			inputPaths = (
			);
			name = "Check Pods Manifest.lock";
			outputPaths = (
			);
			runOnlyForDeploymentPostprocessing = 0;
			shellPath = /bin/sh;
			shellScript = "diff \"${PODS_ROOT}/../Podfile.lock\" \"${PODS_ROOT}/Manifest.lock\" > /dev/null\nif [[ $? != 0 ]] ; then\n    cat << EOM\nerror: The sandbox is not in sync with the Podfile.lock. Run 'pod install' or update your CocoaPods installation.\nEOM\n    exit 1\nfi\n";
			showEnvVarsInLog = 0;
		};
		C044F422DDEBC38164F4AB23 /* Embed Pods Frameworks */ = {
			isa = PBXShellScriptBuildPhase;
			buildActionMask = 2147483647;
			files = (
			);
			inputPaths = (
			);
			name = "Embed Pods Frameworks";
			outputPaths = (
			);
			runOnlyForDeploymentPostprocessing = 0;
			shellPath = /bin/sh;
			shellScript = "\"${SRCROOT}/Pods/Target Support Files/Pods/Pods-frameworks.sh\"\n";
			showEnvVarsInLog = 0;
		};
		E6C79252B8E895B40E796133 /* Copy Pods Resources */ = {
			isa = PBXShellScriptBuildPhase;
			buildActionMask = 2147483647;
			files = (
			);
			inputPaths = (
			);
			name = "Copy Pods Resources";
			outputPaths = (
			);
			runOnlyForDeploymentPostprocessing = 0;
			shellPath = /bin/sh;
			shellScript = "\"${SRCROOT}/Pods/Target Support Files/Pods/Pods-resources.sh\"\n";
			showEnvVarsInLog = 0;
		};
/* End PBXShellScriptBuildPhase section */

/* Begin PBXSourcesBuildPhase section */
		B35F2C481C89F08500F9D1D1 /* Sources */ = {
			isa = PBXSourcesBuildPhase;
			buildActionMask = 2147483647;
			files = (
				B353021E1C8B3CD80026095B /* MailRegisteViewController.swift in Sources */,
				B35302451C8C5F240026095B /* MessageViewController.swift in Sources */,
				B35302431C8C5F110026095B /* RestaurantViewController.swift in Sources */,
				B35302471C8C5F320026095B /* MineViewController.swift in Sources */,
				B34345261C91270200B30013 /* WXTabbar.swift in Sources */,
				B34345221C90868600B30013 /* SearchController.swift in Sources */,
				B35302201C8B3CD80026095B /* RegisteViewController.swift in Sources */,
				B35302211C8B3CD80026095B /* WXNavigationController.swift in Sources */,
				B353021D1C8B3CD80026095B /* LoginViewController.swift in Sources */,
				B353021B1C8B3CD80026095B /* WXTextField.swift in Sources */,
				B353021C1C8B3CD80026095B /* LaunchViewController.swift in Sources */,
				B35302191C8B3CD80026095B /* AppDelegate.swift in Sources */,
				B35302411C8C5EEA0026095B /* TastyFoodViewController.swift in Sources */,
				B343451C1C9077D100B30013 /* AccountSetController.swift in Sources */,
				B3A1C8141C8D2B64000BF0B0 /* SwiftNotice.swift in Sources */,
				B343451E1C907AA400B30013 /* AddFriendController.swift in Sources */,
				B35302491C8C617A0026095B /* CameraViewController.swift in Sources */,
				B343452A1C930FDD00B30013 /* ScoreController.swift in Sources */,
				B35302171C8B3CD80026095B /* UIImage+extension.swift in Sources */,
				B35302181C8B3CD80026095B /* Config.swift in Sources */,
				B353021F1C8B3CD80026095B /* WXTabbarController.swift in Sources */,
			);
			runOnlyForDeploymentPostprocessing = 0;
		};
		B35F2C5C1C89F08500F9D1D1 /* Sources */ = {
			isa = PBXSourcesBuildPhase;
			buildActionMask = 2147483647;
			files = (
				B35F2C651C89F08500F9D1D1 /* FoodStyleTests.swift in Sources */,
			);
			runOnlyForDeploymentPostprocessing = 0;
		};
		B35F2C671C89F08500F9D1D1 /* Sources */ = {
			isa = PBXSourcesBuildPhase;
			buildActionMask = 2147483647;
			files = (
				B35F2C701C89F08500F9D1D1 /* FoodStyleUITests.swift in Sources */,
			);
			runOnlyForDeploymentPostprocessing = 0;
		};
/* End PBXSourcesBuildPhase section */

/* Begin PBXTargetDependency section */
		B35F2C621C89F08500F9D1D1 /* PBXTargetDependency */ = {
			isa = PBXTargetDependency;
			target = B35F2C4B1C89F08500F9D1D1 /* FoodStyle */;
			targetProxy = B35F2C611C89F08500F9D1D1 /* PBXContainerItemProxy */;
		};
		B35F2C6D1C89F08500F9D1D1 /* PBXTargetDependency */ = {
			isa = PBXTargetDependency;
			target = B35F2C4B1C89F08500F9D1D1 /* FoodStyle */;
			targetProxy = B35F2C6C1C89F08500F9D1D1 /* PBXContainerItemProxy */;
		};
/* End PBXTargetDependency section */

/* Begin XCBuildConfiguration section */
		B35F2C721C89F08500F9D1D1 /* Debug */ = {
			isa = XCBuildConfiguration;
			buildSettings = {
				ALWAYS_SEARCH_USER_PATHS = NO;
				CLANG_CXX_LANGUAGE_STANDARD = "gnu++0x";
				CLANG_CXX_LIBRARY = "libc++";
				CLANG_ENABLE_MODULES = YES;
				CLANG_ENABLE_OBJC_ARC = YES;
				CLANG_WARN_BOOL_CONVERSION = YES;
				CLANG_WARN_CONSTANT_CONVERSION = YES;
				CLANG_WARN_DIRECT_OBJC_ISA_USAGE = YES_ERROR;
				CLANG_WARN_EMPTY_BODY = YES;
				CLANG_WARN_ENUM_CONVERSION = YES;
				CLANG_WARN_INT_CONVERSION = YES;
				CLANG_WARN_OBJC_ROOT_CLASS = YES_ERROR;
				CLANG_WARN_UNREACHABLE_CODE = YES;
				CLANG_WARN__DUPLICATE_METHOD_MATCH = YES;
				"CODE_SIGN_IDENTITY[sdk=iphoneos*]" = "iPhone Developer";
				COPY_PHASE_STRIP = NO;
				DEBUG_INFORMATION_FORMAT = dwarf;
				ENABLE_STRICT_OBJC_MSGSEND = YES;
				ENABLE_TESTABILITY = YES;
				GCC_C_LANGUAGE_STANDARD = gnu99;
				GCC_DYNAMIC_NO_PIC = NO;
				GCC_NO_COMMON_BLOCKS = YES;
				GCC_OPTIMIZATION_LEVEL = 0;
				GCC_PREPROCESSOR_DEFINITIONS = (
					"DEBUG=1",
					"$(inherited)",
				);
				GCC_WARN_64_TO_32_BIT_CONVERSION = YES;
				GCC_WARN_ABOUT_RETURN_TYPE = YES_ERROR;
				GCC_WARN_UNDECLARED_SELECTOR = YES;
				GCC_WARN_UNINITIALIZED_AUTOS = YES_AGGRESSIVE;
				GCC_WARN_UNUSED_FUNCTION = YES;
				GCC_WARN_UNUSED_VARIABLE = YES;
				IPHONEOS_DEPLOYMENT_TARGET = 9.2;
				MTL_ENABLE_DEBUG_INFO = YES;
				ONLY_ACTIVE_ARCH = YES;
				SDKROOT = iphoneos;
				SWIFT_OPTIMIZATION_LEVEL = "-Onone";
			};
			name = Debug;
		};
		B35F2C731C89F08500F9D1D1 /* Release */ = {
			isa = XCBuildConfiguration;
			buildSettings = {
				ALWAYS_SEARCH_USER_PATHS = NO;
				CLANG_CXX_LANGUAGE_STANDARD = "gnu++0x";
				CLANG_CXX_LIBRARY = "libc++";
				CLANG_ENABLE_MODULES = YES;
				CLANG_ENABLE_OBJC_ARC = YES;
				CLANG_WARN_BOOL_CONVERSION = YES;
				CLANG_WARN_CONSTANT_CONVERSION = YES;
				CLANG_WARN_DIRECT_OBJC_ISA_USAGE = YES_ERROR;
				CLANG_WARN_EMPTY_BODY = YES;
				CLANG_WARN_ENUM_CONVERSION = YES;
				CLANG_WARN_INT_CONVERSION = YES;
				CLANG_WARN_OBJC_ROOT_CLASS = YES_ERROR;
				CLANG_WARN_UNREACHABLE_CODE = YES;
				CLANG_WARN__DUPLICATE_METHOD_MATCH = YES;
				"CODE_SIGN_IDENTITY[sdk=iphoneos*]" = "iPhone Developer";
				COPY_PHASE_STRIP = NO;
				DEBUG_INFORMATION_FORMAT = "dwarf-with-dsym";
				ENABLE_NS_ASSERTIONS = NO;
				ENABLE_STRICT_OBJC_MSGSEND = YES;
				GCC_C_LANGUAGE_STANDARD = gnu99;
				GCC_NO_COMMON_BLOCKS = YES;
				GCC_WARN_64_TO_32_BIT_CONVERSION = YES;
				GCC_WARN_ABOUT_RETURN_TYPE = YES_ERROR;
				GCC_WARN_UNDECLARED_SELECTOR = YES;
				GCC_WARN_UNINITIALIZED_AUTOS = YES_AGGRESSIVE;
				GCC_WARN_UNUSED_FUNCTION = YES;
				GCC_WARN_UNUSED_VARIABLE = YES;
				IPHONEOS_DEPLOYMENT_TARGET = 9.2;
				MTL_ENABLE_DEBUG_INFO = NO;
				SDKROOT = iphoneos;
				VALIDATE_PRODUCT = YES;
			};
			name = Release;
		};
		B35F2C751C89F08500F9D1D1 /* Debug */ = {
			isa = XCBuildConfiguration;
			baseConfigurationReference = A7899351C96459EAD5777979 /* Pods.debug.xcconfig */;
			buildSettings = {
				ASSETCATALOG_COMPILER_APPICON_NAME = AppIcon;
				ASSETCATALOG_COMPILER_LAUNCHIMAGE_NAME = "Brand Assets";
				CLANG_ENABLE_MODULES = YES;
				CODE_SIGN_ENTITLEMENTS = FoodStyle/FoodStyle.entitlements;
				CODE_SIGN_IDENTITY = "iPhone Developer";
				"CODE_SIGN_IDENTITY[sdk=iphoneos*]" = "iPhone Developer";
				DEFINES_MODULE = YES;
				FRAMEWORK_SEARCH_PATHS = (
					"$(inherited)",
					"$(PROJECT_DIR)/FoodStyle/Classes/3rdParty/TencentQQ",
				);
				INFOPLIST_FILE = FoodStyle/Info.plist;
				IPHONEOS_DEPLOYMENT_TARGET = 9.0;
				LD_RUNPATH_SEARCH_PATHS = "$(inherited) @executable_path/Frameworks";
				OTHER_LDFLAGS = (
					"$(inherited)",
					"-framework",
					"\"Alamofire\"",
					"-framework",
					"\"SnapKit\"",
					"-force_load",
					"$(PROJECT_DIR)/Pods/WeiboSDK/libWeiboSDK/libWeiboSDK.a",
					"-fobjc-arc",
				);
				PRODUCT_BUNDLE_IDENTIFIER = code4Fun.FoodStyle;
				PRODUCT_NAME = "$(TARGET_NAME)";
				PROVISIONING_PROFILE = "";
				SWIFT_OBJC_BRIDGING_HEADER = "FoodStyle/Classes/Other/FoodStyle-Bridging-Header.h";
				SWIFT_OPTIMIZATION_LEVEL = "-Onone";
			};
			name = Debug;
		};
		B35F2C761C89F08500F9D1D1 /* Release */ = {
			isa = XCBuildConfiguration;
			baseConfigurationReference = B0D9FE9A21B34C9844E7EDCC /* Pods.release.xcconfig */;
			buildSettings = {
				ASSETCATALOG_COMPILER_APPICON_NAME = AppIcon;
				ASSETCATALOG_COMPILER_LAUNCHIMAGE_NAME = "Brand Assets";
				CLANG_ENABLE_MODULES = YES;
				CODE_SIGN_ENTITLEMENTS = FoodStyle/FoodStyle.entitlements;
				CODE_SIGN_IDENTITY = "iPhone Developer";
				"CODE_SIGN_IDENTITY[sdk=iphoneos*]" = "iPhone Developer";
				DEFINES_MODULE = YES;
				FRAMEWORK_SEARCH_PATHS = (
					"$(inherited)",
					"$(PROJECT_DIR)/FoodStyle/Classes/3rdParty/TencentQQ",
				);
				INFOPLIST_FILE = FoodStyle/Info.plist;
				IPHONEOS_DEPLOYMENT_TARGET = 9.0;
				LD_RUNPATH_SEARCH_PATHS = "$(inherited) @executable_path/Frameworks";
				OTHER_LDFLAGS = (
					"$(inherited)",
					"-framework",
					"\"Alamofire\"",
					"-framework",
					"\"SnapKit\"",
					"-force_load",
					"$(PROJECT_DIR)/Pods/WeiboSDK/libWeiboSDK/libWeiboSDK.a",
					"-fobjc-arc",
				);
				PRODUCT_BUNDLE_IDENTIFIER = code4Fun.FoodStyle;
				PRODUCT_NAME = "$(TARGET_NAME)";
				PROVISIONING_PROFILE = "";
				SWIFT_OBJC_BRIDGING_HEADER = "FoodStyle/Classes/Other/FoodStyle-Bridging-Header.h";
			};
			name = Release;
		};
		B35F2C781C89F08500F9D1D1 /* Debug */ = {
			isa = XCBuildConfiguration;
			buildSettings = {
				BUNDLE_LOADER = "$(TEST_HOST)";
				INFOPLIST_FILE = FoodStyleTests/Info.plist;
				LD_RUNPATH_SEARCH_PATHS = "$(inherited) @executable_path/Frameworks @loader_path/Frameworks";
				PRODUCT_BUNDLE_IDENTIFIER = code4Fun.FoodStyleTests;
				PRODUCT_NAME = "$(TARGET_NAME)";
				TEST_HOST = "$(BUILT_PRODUCTS_DIR)/FoodStyle.app/FoodStyle";
			};
			name = Debug;
		};
		B35F2C791C89F08500F9D1D1 /* Release */ = {
			isa = XCBuildConfiguration;
			buildSettings = {
				BUNDLE_LOADER = "$(TEST_HOST)";
				INFOPLIST_FILE = FoodStyleTests/Info.plist;
				LD_RUNPATH_SEARCH_PATHS = "$(inherited) @executable_path/Frameworks @loader_path/Frameworks";
				PRODUCT_BUNDLE_IDENTIFIER = code4Fun.FoodStyleTests;
				PRODUCT_NAME = "$(TARGET_NAME)";
				TEST_HOST = "$(BUILT_PRODUCTS_DIR)/FoodStyle.app/FoodStyle";
			};
			name = Release;
		};
		B35F2C7B1C89F08500F9D1D1 /* Debug */ = {
			isa = XCBuildConfiguration;
			buildSettings = {
				INFOPLIST_FILE = FoodStyleUITests/Info.plist;
				LD_RUNPATH_SEARCH_PATHS = "$(inherited) @executable_path/Frameworks @loader_path/Frameworks";
				PRODUCT_BUNDLE_IDENTIFIER = code4Fun.FoodStyleUITests;
				PRODUCT_NAME = "$(TARGET_NAME)";
				TEST_TARGET_NAME = FoodStyle;
				USES_XCTRUNNER = YES;
			};
			name = Debug;
		};
		B35F2C7C1C89F08500F9D1D1 /* Release */ = {
			isa = XCBuildConfiguration;
			buildSettings = {
				INFOPLIST_FILE = FoodStyleUITests/Info.plist;
				LD_RUNPATH_SEARCH_PATHS = "$(inherited) @executable_path/Frameworks @loader_path/Frameworks";
				PRODUCT_BUNDLE_IDENTIFIER = code4Fun.FoodStyleUITests;
				PRODUCT_NAME = "$(TARGET_NAME)";
				TEST_TARGET_NAME = FoodStyle;
				USES_XCTRUNNER = YES;
			};
			name = Release;
		};
/* End XCBuildConfiguration section */

/* Begin XCConfigurationList section */
		B35F2C471C89F08500F9D1D1 /* Build configuration list for PBXProject "FoodStyle" */ = {
			isa = XCConfigurationList;
			buildConfigurations = (
				B35F2C721C89F08500F9D1D1 /* Debug */,
				B35F2C731C89F08500F9D1D1 /* Release */,
			);
			defaultConfigurationIsVisible = 0;
			defaultConfigurationName = Release;
		};
		B35F2C741C89F08500F9D1D1 /* Build configuration list for PBXNativeTarget "FoodStyle" */ = {
			isa = XCConfigurationList;
			buildConfigurations = (
				B35F2C751C89F08500F9D1D1 /* Debug */,
				B35F2C761C89F08500F9D1D1 /* Release */,
			);
			defaultConfigurationIsVisible = 0;
			defaultConfigurationName = Release;
		};
		B35F2C771C89F08500F9D1D1 /* Build configuration list for PBXNativeTarget "FoodStyleTests" */ = {
			isa = XCConfigurationList;
			buildConfigurations = (
				B35F2C781C89F08500F9D1D1 /* Debug */,
				B35F2C791C89F08500F9D1D1 /* Release */,
			);
			defaultConfigurationIsVisible = 0;
			defaultConfigurationName = Release;
		};
		B35F2C7A1C89F08500F9D1D1 /* Build configuration list for PBXNativeTarget "FoodStyleUITests" */ = {
			isa = XCConfigurationList;
			buildConfigurations = (
				B35F2C7B1C89F08500F9D1D1 /* Debug */,
				B35F2C7C1C89F08500F9D1D1 /* Release */,
			);
			defaultConfigurationIsVisible = 0;
			defaultConfigurationName = Release;
		};
/* End XCConfigurationList section */
	};
	rootObject = B35F2C441C89F08500F9D1D1 /* Project object */;
}
